
Microsoft Visual Studio Solution File, Format Version 12.00
# Visual Studio Version 16
VisualStudioVersion = 16.0.30225.117
MinimumVisualStudioVersion = 10.0.40219.1
Project("{2150E333-8FDC-42A3-9474-1A3956D46DE8}") = "Ex_020_from", "Ex_020_from", "{0F76BDEE-4364-4D24-8F0B-C57268DFC4FF}"
EndProject
Project("{2150E333-8FDC-42A3-9474-1A3956D46DE8}") = "Ex_030_CrossJoin", "Ex_030_CrossJoin", "{41C7278C-6A72-4A2A-8496-C795726F275E}"
EndProject
Project("{2150E333-8FDC-42A3-9474-1A3956D46DE8}") = "Ex_040_SimpleWhereClause", "Ex_040_SimpleWhereClause", "{8FD32BED-9991-4EAD-87E4-A75DA896919D}"
EndProject
Project("{2150E333-8FDC-42A3-9474-1A3956D46DE8}") = "Ex_050_WhereClauseMethod", "Ex_050_WhereClauseMethod", "{D3CAC7D7-6B3E-4B50-8BB2-04A0845EED75}"
EndProject
Project("{2150E333-8FDC-42A3-9474-1A3956D46DE8}") = "Ex_060_SelectEntireRange", "Ex_060_SelectEntireRange", "{D935B641-09B8-4AAC-A9FB-E09B5F05DA0C}"
EndProject
Project("{2150E333-8FDC-42A3-9474-1A3956D46DE8}") = "Ex_070_SelectSingleProperty", "Ex_070_SelectSingleProperty", "{7C3B7F61-AF6B-4EE7-9A7D-39B59A8C3963}"
EndProject
Project("{2150E333-8FDC-42A3-9474-1A3956D46DE8}") = "Ex_080_SelectAnonymousType", "Ex_080_SelectAnonymousType", "{17C1661D-C3B0-4B36-B1F2-457C0C39467F}"
EndProject
Project("{2150E333-8FDC-42A3-9474-1A3956D46DE8}") = "Ex_090_SelectNamedType", "Ex_090_SelectNamedType", "{70CEAFA8-7EA1-4DC5-B776-F4A65112AC3F}"
EndProject
Project("{2150E333-8FDC-42A3-9474-1A3956D46DE8}") = "Ex_100_GroupQuery", "Ex_100_GroupQuery", "{54EFF42D-E1A3-4568-8CFF-BA9312B1F5D3}"
EndProject
Project("{2150E333-8FDC-42A3-9474-1A3956D46DE8}") = "Ex_110_GroupQueryByBool", "Ex_110_GroupQueryByBool", "{4023A7FC-0873-4C50-883C-D58C1700552D}"
EndProject
Project("{2150E333-8FDC-42A3-9474-1A3956D46DE8}") = "Ex_120_GroupQueryByNumericRange", "Ex_120_GroupQueryByNumericRange", "{E304FF98-127A-4003-8298-AB87162E9944}"
EndProject
Project("{2150E333-8FDC-42A3-9474-1A3956D46DE8}") = "Ex_130_GroupByCompositeKeys", "Ex_130_GroupByCompositeKeys", "{BE9F4964-B893-4B19-8885-90F8125C4886}"
EndProject
Project("{2150E333-8FDC-42A3-9474-1A3956D46DE8}") = "Ex_140_orderby_clause_basics", "Ex_140_orderby_clause_basics", "{20F0FB4E-6B12-4D26-A299-BA73BA064DC9}"
EndProject
Project("{2150E333-8FDC-42A3-9474-1A3956D46DE8}") = "Ex_150_JoinClause", "Ex_150_JoinClause", "{A05F1550-D6B6-4CF6-8277-996914CC27AD}"
EndProject
Project("{2150E333-8FDC-42A3-9474-1A3956D46DE8}") = "Ex_155_JoinWithCompositeKey", "Ex_155_JoinWithCompositeKey", "{D11F1859-B95B-4AA2-BCD7-19212BCC6E6C}"
EndProject
Project("{2150E333-8FDC-42A3-9474-1A3956D46DE8}") = "Ex_160_GroupJoin", "Ex_160_GroupJoin", "{9F4B06F7-0E00-4056-80A7-FE49646DF1A7}"
EndProject
Project("{2150E333-8FDC-42A3-9474-1A3956D46DE8}") = "Ex_170_LeftOuterJoin", "Ex_170_LeftOuterJoin", "{90355F5C-7AE4-4E61-882F-281708F9A604}"
EndProject
Project("{2150E333-8FDC-42A3-9474-1A3956D46DE8}") = "Ex_180_ReturnAQueryFromAMethod", "Ex_180_ReturnAQueryFromAMethod", "{5126428C-3F23-4D28-A14E-DF56CC38E200}"
EndProject
Project("{2150E333-8FDC-42A3-9474-1A3956D46DE8}") = "Ex_010_ThreePartsOfQuery", "Ex_010_ThreePartsOfQuery", "{47AA1CE8-3369-42F1-8A73-7A6DBF176C4A}"
EndProject
Project("{FAE04EC0-301F-11D3-BF4B-00C04F79EFBC}") = "ThreePartsOfLINQQuery", "ThreePartsOfLINQQuery\ThreePartsOfLINQQuery.csproj", "{A77E332A-3428-4830-9A9A-4CA176C414C9}"
EndProject
Project("{FAE04EC0-301F-11D3-BF4B-00C04F79EFBC}") = "CompoundFromClause", "CompoundFromClause\CompoundFromClause.csproj", "{B8BC1A97-768F-4B3B-9069-378DA488273A}"
EndProject
Project("{FAE04EC0-301F-11D3-BF4B-00C04F79EFBC}") = "CrossJoin", "CrossJoin\CrossJoin.csproj", "{479A9C5F-EABF-4282-85A6-A31E683CDB98}"
EndProject
Project("{FAE04EC0-301F-11D3-BF4B-00C04F79EFBC}") = "SimpleWhereClause", "SimpleWhereClause\SimpleWhereClause.csproj", "{B4C49EA1-0E12-40CE-9555-200C847F3BDD}"
EndProject
Project("{FAE04EC0-301F-11D3-BF4B-00C04F79EFBC}") = "WhereClauseMethod", "WhereClauseMethod\WhereClauseMethod.csproj", "{29DF5B56-525C-48E9-AEE4-79F5A66D5E31}"
EndProject
Project("{FAE04EC0-301F-11D3-BF4B-00C04F79EFBC}") = "SelectEntireRange", "SelectEntireRange\SelectEntireRange.csproj", "{F971DC62-DC2C-4931-9AD8-52366E81F7E3}"
EndProject
Project("{FAE04EC0-301F-11D3-BF4B-00C04F79EFBC}") = "SelectSingleProperty", "SelectSingleProperty\SelectSingleProperty.csproj", "{A8235BEA-50D4-4C04-8AEB-5F86F5ECFA77}"
EndProject
Project("{FAE04EC0-301F-11D3-BF4B-00C04F79EFBC}") = "SelectAnonymousType", "SelectAnonymousType\SelectAnonymousType.csproj", "{75F053A9-1B85-4646-8440-6AB28D6E2010}"
EndProject
Project("{FAE04EC0-301F-11D3-BF4B-00C04F79EFBC}") = "SelectNamedType", "SelectNamedType\SelectNamedType.csproj", "{595BE436-7D1B-405C-B4EA-8BB602A8F0D7}"
EndProject
Project("{FAE04EC0-301F-11D3-BF4B-00C04F79EFBC}") = "GroupQuery", "GroupQuery\GroupQuery.csproj", "{F1AEDD95-294F-45B6-9377-27F6A60D9B33}"
EndProject
Project("{FAE04EC0-301F-11D3-BF4B-00C04F79EFBC}") = "GroupQueryByBool", "GroupQueryByBool\GroupQueryByBool.csproj", "{2EB8D5E7-1EBF-4356-9A5C-95C66DDBB010}"
EndProject
Project("{FAE04EC0-301F-11D3-BF4B-00C04F79EFBC}") = "GroupQueryByNumericRange", "GroupQueryByNumericRange\GroupQueryByNumericRange.csproj", "{D5EC9500-C184-412D-87CB-F07E830042BD}"
EndProject
Project("{FAE04EC0-301F-11D3-BF4B-00C04F79EFBC}") = "GroupByCompositeKeys", "GroupByCompositeKeys\GroupByCompositeKeys.csproj", "{C961B826-DE09-4FF7-9B29-775DCAC7F8AF}"
EndProject
Project("{FAE04EC0-301F-11D3-BF4B-00C04F79EFBC}") = "OrderbyClauseBasics", "OrderbyClauseBasics\OrderbyClauseBasics.csproj", "{964B0A47-2C65-40AF-9727-A05E9CE4CC67}"
EndProject
Project("{FAE04EC0-301F-11D3-BF4B-00C04F79EFBC}") = "JoinClause", "JoinClause\JoinClause.csproj", "{C4E70686-F924-4601-BB6B-E3035280B577}"
EndProject
Project("{FAE04EC0-301F-11D3-BF4B-00C04F79EFBC}") = "JoinWithCompositeKey", "JoinWithCompositeKey\JoinWithCompositeKey.csproj", "{F24B586A-DC60-470F-B96B-9401BE31F15F}"
EndProject
Project("{FAE04EC0-301F-11D3-BF4B-00C04F79EFBC}") = "GroupJoin", "GroupJoin\GroupJoin.csproj", "{4E6D9B4C-CA93-4C59-AE44-B8310BFED939}"
EndProject
Project("{FAE04EC0-301F-11D3-BF4B-00C04F79EFBC}") = "LeftOuterJoin", "LeftOuterJoin\LeftOuterJoin.csproj", "{B261AE2D-81E5-402B-82B8-24E15ED02ECD}"
EndProject
Project("{FAE04EC0-301F-11D3-BF4B-00C04F79EFBC}") = "ReturnAQueryFromAMethod", "ReturnAQueryFromAMethod\ReturnAQueryFromAMethod.csproj", "{31782D99-1682-4CBC-AF49-6E36F52657E8}"
EndProject
Global
	GlobalSection(SolutionConfigurationPlatforms) = preSolution
		Debug|Any CPU = Debug|Any CPU
		Release|Any CPU = Release|Any CPU
	EndGlobalSection
	GlobalSection(ProjectConfigurationPlatforms) = postSolution
		{A77E332A-3428-4830-9A9A-4CA176C414C9}.Debug|Any CPU.ActiveCfg = Debug|Any CPU
		{A77E332A-3428-4830-9A9A-4CA176C414C9}.Debug|Any CPU.Build.0 = Debug|Any CPU
		{A77E332A-3428-4830-9A9A-4CA176C414C9}.Release|Any CPU.ActiveCfg = Release|Any CPU
		{A77E332A-3428-4830-9A9A-4CA176C414C9}.Release|Any CPU.Build.0 = Release|Any CPU
		{B8BC1A97-768F-4B3B-9069-378DA488273A}.Debug|Any CPU.ActiveCfg = Debug|Any CPU
		{B8BC1A97-768F-4B3B-9069-378DA488273A}.Debug|Any CPU.Build.0 = Debug|Any CPU
		{B8BC1A97-768F-4B3B-9069-378DA488273A}.Release|Any CPU.ActiveCfg = Release|Any CPU
		{B8BC1A97-768F-4B3B-9069-378DA488273A}.Release|Any CPU.Build.0 = Release|Any CPU
		{479A9C5F-EABF-4282-85A6-A31E683CDB98}.Debug|Any CPU.ActiveCfg = Debug|Any CPU
		{479A9C5F-EABF-4282-85A6-A31E683CDB98}.Debug|Any CPU.Build.0 = Debug|Any CPU
		{479A9C5F-EABF-4282-85A6-A31E683CDB98}.Release|Any CPU.ActiveCfg = Release|Any CPU
		{479A9C5F-EABF-4282-85A6-A31E683CDB98}.Release|Any CPU.Build.0 = Release|Any CPU
		{B4C49EA1-0E12-40CE-9555-200C847F3BDD}.Debug|Any CPU.ActiveCfg = Debug|Any CPU
		{B4C49EA1-0E12-40CE-9555-200C847F3BDD}.Debug|Any CPU.Build.0 = Debug|Any CPU
		{B4C49EA1-0E12-40CE-9555-200C847F3BDD}.Release|Any CPU.ActiveCfg = Release|Any CPU
		{B4C49EA1-0E12-40CE-9555-200C847F3BDD}.Release|Any CPU.Build.0 = Release|Any CPU
		{29DF5B56-525C-48E9-AEE4-79F5A66D5E31}.Debug|Any CPU.ActiveCfg = Debug|Any CPU
		{29DF5B56-525C-48E9-AEE4-79F5A66D5E31}.Debug|Any CPU.Build.0 = Debug|Any CPU
		{29DF5B56-525C-48E9-AEE4-79F5A66D5E31}.Release|Any CPU.ActiveCfg = Release|Any CPU
		{29DF5B56-525C-48E9-AEE4-79F5A66D5E31}.Release|Any CPU.Build.0 = Release|Any CPU
		{F971DC62-DC2C-4931-9AD8-52366E81F7E3}.Debug|Any CPU.ActiveCfg = Debug|Any CPU
		{F971DC62-DC2C-4931-9AD8-52366E81F7E3}.Debug|Any CPU.Build.0 = Debug|Any CPU
		{F971DC62-DC2C-4931-9AD8-52366E81F7E3}.Release|Any CPU.ActiveCfg = Release|Any CPU
		{F971DC62-DC2C-4931-9AD8-52366E81F7E3}.Release|Any CPU.Build.0 = Release|Any CPU
		{A8235BEA-50D4-4C04-8AEB-5F86F5ECFA77}.Debug|Any CPU.ActiveCfg = Debug|Any CPU
		{A8235BEA-50D4-4C04-8AEB-5F86F5ECFA77}.Debug|Any CPU.Build.0 = Debug|Any CPU
		{A8235BEA-50D4-4C04-8AEB-5F86F5ECFA77}.Release|Any CPU.ActiveCfg = Release|Any CPU
		{A8235BEA-50D4-4C04-8AEB-5F86F5ECFA77}.Release|Any CPU.Build.0 = Release|Any CPU
		{75F053A9-1B85-4646-8440-6AB28D6E2010}.Debug|Any CPU.ActiveCfg = Debug|Any CPU
		{75F053A9-1B85-4646-8440-6AB28D6E2010}.Debug|Any CPU.Build.0 = Debug|Any CPU
		{75F053A9-1B85-4646-8440-6AB28D6E2010}.Release|Any CPU.ActiveCfg = Release|Any CPU
		{75F053A9-1B85-4646-8440-6AB28D6E2010}.Release|Any CPU.Build.0 = Release|Any CPU
		{595BE436-7D1B-405C-B4EA-8BB602A8F0D7}.Debug|Any CPU.ActiveCfg = Debug|Any CPU
		{595BE436-7D1B-405C-B4EA-8BB602A8F0D7}.Debug|Any CPU.Build.0 = Debug|Any CPU
		{595BE436-7D1B-405C-B4EA-8BB602A8F0D7}.Release|Any CPU.ActiveCfg = Release|Any CPU
		{595BE436-7D1B-405C-B4EA-8BB602A8F0D7}.Release|Any CPU.Build.0 = Release|Any CPU
		{F1AEDD95-294F-45B6-9377-27F6A60D9B33}.Debug|Any CPU.ActiveCfg = Debug|Any CPU
		{F1AEDD95-294F-45B6-9377-27F6A60D9B33}.Debug|Any CPU.Build.0 = Debug|Any CPU
		{F1AEDD95-294F-45B6-9377-27F6A60D9B33}.Release|Any CPU.ActiveCfg = Release|Any CPU
		{F1AEDD95-294F-45B6-9377-27F6A60D9B33}.Release|Any CPU.Build.0 = Release|Any CPU
		{2EB8D5E7-1EBF-4356-9A5C-95C66DDBB010}.Debug|Any CPU.ActiveCfg = Debug|Any CPU
		{2EB8D5E7-1EBF-4356-9A5C-95C66DDBB010}.Debug|Any CPU.Build.0 = Debug|Any CPU
		{2EB8D5E7-1EBF-4356-9A5C-95C66DDBB010}.Release|Any CPU.ActiveCfg = Release|Any CPU
		{2EB8D5E7-1EBF-4356-9A5C-95C66DDBB010}.Release|Any CPU.Build.0 = Release|Any CPU
		{D5EC9500-C184-412D-87CB-F07E830042BD}.Debug|Any CPU.ActiveCfg = Debug|Any CPU
		{D5EC9500-C184-412D-87CB-F07E830042BD}.Debug|Any CPU.Build.0 = Debug|Any CPU
		{D5EC9500-C184-412D-87CB-F07E830042BD}.Release|Any CPU.ActiveCfg = Release|Any CPU
		{D5EC9500-C184-412D-87CB-F07E830042BD}.Release|Any CPU.Build.0 = Release|Any CPU
		{C961B826-DE09-4FF7-9B29-775DCAC7F8AF}.Debug|Any CPU.ActiveCfg = Debug|Any CPU
		{C961B826-DE09-4FF7-9B29-775DCAC7F8AF}.Debug|Any CPU.Build.0 = Debug|Any CPU
		{C961B826-DE09-4FF7-9B29-775DCAC7F8AF}.Release|Any CPU.ActiveCfg = Release|Any CPU
		{C961B826-DE09-4FF7-9B29-775DCAC7F8AF}.Release|Any CPU.Build.0 = Release|Any CPU
		{964B0A47-2C65-40AF-9727-A05E9CE4CC67}.Debug|Any CPU.ActiveCfg = Debug|Any CPU
		{964B0A47-2C65-40AF-9727-A05E9CE4CC67}.Debug|Any CPU.Build.0 = Debug|Any CPU
		{964B0A47-2C65-40AF-9727-A05E9CE4CC67}.Release|Any CPU.ActiveCfg = Release|Any CPU
		{964B0A47-2C65-40AF-9727-A05E9CE4CC67}.Release|Any CPU.Build.0 = Release|Any CPU
		{C4E70686-F924-4601-BB6B-E3035280B577}.Debug|Any CPU.ActiveCfg = Debug|Any CPU
		{C4E70686-F924-4601-BB6B-E3035280B577}.Debug|Any CPU.Build.0 = Debug|Any CPU
		{C4E70686-F924-4601-BB6B-E3035280B577}.Release|Any CPU.ActiveCfg = Release|Any CPU
		{C4E70686-F924-4601-BB6B-E3035280B577}.Release|Any CPU.Build.0 = Release|Any CPU
		{F24B586A-DC60-470F-B96B-9401BE31F15F}.Debug|Any CPU.ActiveCfg = Debug|Any CPU
		{F24B586A-DC60-470F-B96B-9401BE31F15F}.Debug|Any CPU.Build.0 = Debug|Any CPU
		{F24B586A-DC60-470F-B96B-9401BE31F15F}.Release|Any CPU.ActiveCfg = Release|Any CPU
		{F24B586A-DC60-470F-B96B-9401BE31F15F}.Release|Any CPU.Build.0 = Release|Any CPU
		{4E6D9B4C-CA93-4C59-AE44-B8310BFED939}.Debug|Any CPU.ActiveCfg = Debug|Any CPU
		{4E6D9B4C-CA93-4C59-AE44-B8310BFED939}.Debug|Any CPU.Build.0 = Debug|Any CPU
		{4E6D9B4C-CA93-4C59-AE44-B8310BFED939}.Release|Any CPU.ActiveCfg = Release|Any CPU
		{4E6D9B4C-CA93-4C59-AE44-B8310BFED939}.Release|Any CPU.Build.0 = Release|Any CPU
		{B261AE2D-81E5-402B-82B8-24E15ED02ECD}.Debug|Any CPU.ActiveCfg = Debug|Any CPU
		{B261AE2D-81E5-402B-82B8-24E15ED02ECD}.Debug|Any CPU.Build.0 = Debug|Any CPU
		{B261AE2D-81E5-402B-82B8-24E15ED02ECD}.Release|Any CPU.ActiveCfg = Release|Any CPU
		{B261AE2D-81E5-402B-82B8-24E15ED02ECD}.Release|Any CPU.Build.0 = Release|Any CPU
		{31782D99-1682-4CBC-AF49-6E36F52657E8}.Debug|Any CPU.ActiveCfg = Debug|Any CPU
		{31782D99-1682-4CBC-AF49-6E36F52657E8}.Debug|Any CPU.Build.0 = Debug|Any CPU
		{31782D99-1682-4CBC-AF49-6E36F52657E8}.Release|Any CPU.ActiveCfg = Release|Any CPU
		{31782D99-1682-4CBC-AF49-6E36F52657E8}.Release|Any CPU.Build.0 = Release|Any CPU
	EndGlobalSection
	GlobalSection(SolutionProperties) = preSolution
		HideSolutionNode = FALSE
	EndGlobalSection
	GlobalSection(NestedProjects) = preSolution
		{A77E332A-3428-4830-9A9A-4CA176C414C9} = {47AA1CE8-3369-42F1-8A73-7A6DBF176C4A}
		{B8BC1A97-768F-4B3B-9069-378DA488273A} = {0F76BDEE-4364-4D24-8F0B-C57268DFC4FF}
		{479A9C5F-EABF-4282-85A6-A31E683CDB98} = {41C7278C-6A72-4A2A-8496-C795726F275E}
		{B4C49EA1-0E12-40CE-9555-200C847F3BDD} = {8FD32BED-9991-4EAD-87E4-A75DA896919D}
		{29DF5B56-525C-48E9-AEE4-79F5A66D5E31} = {D3CAC7D7-6B3E-4B50-8BB2-04A0845EED75}
		{F971DC62-DC2C-4931-9AD8-52366E81F7E3} = {D935B641-09B8-4AAC-A9FB-E09B5F05DA0C}
		{A8235BEA-50D4-4C04-8AEB-5F86F5ECFA77} = {7C3B7F61-AF6B-4EE7-9A7D-39B59A8C3963}
		{75F053A9-1B85-4646-8440-6AB28D6E2010} = {17C1661D-C3B0-4B36-B1F2-457C0C39467F}
		{595BE436-7D1B-405C-B4EA-8BB602A8F0D7} = {70CEAFA8-7EA1-4DC5-B776-F4A65112AC3F}
		{F1AEDD95-294F-45B6-9377-27F6A60D9B33} = {54EFF42D-E1A3-4568-8CFF-BA9312B1F5D3}
		{2EB8D5E7-1EBF-4356-9A5C-95C66DDBB010} = {4023A7FC-0873-4C50-883C-D58C1700552D}
		{D5EC9500-C184-412D-87CB-F07E830042BD} = {E304FF98-127A-4003-8298-AB87162E9944}
		{C961B826-DE09-4FF7-9B29-775DCAC7F8AF} = {BE9F4964-B893-4B19-8885-90F8125C4886}
		{964B0A47-2C65-40AF-9727-A05E9CE4CC67} = {20F0FB4E-6B12-4D26-A299-BA73BA064DC9}
		{C4E70686-F924-4601-BB6B-E3035280B577} = {A05F1550-D6B6-4CF6-8277-996914CC27AD}
		{F24B586A-DC60-470F-B96B-9401BE31F15F} = {D11F1859-B95B-4AA2-BCD7-19212BCC6E6C}
		{4E6D9B4C-CA93-4C59-AE44-B8310BFED939} = {9F4B06F7-0E00-4056-80A7-FE49646DF1A7}
		{B261AE2D-81E5-402B-82B8-24E15ED02ECD} = {90355F5C-7AE4-4E61-882F-281708F9A604}
		{31782D99-1682-4CBC-AF49-6E36F52657E8} = {5126428C-3F23-4D28-A14E-DF56CC38E200}
	EndGlobalSection
	GlobalSection(ExtensibilityGlobals) = postSolution
		SolutionGuid = {A35F6131-9CB0-4783-B694-81E5627EF316}
	EndGlobalSection
EndGlobal
